lockfile_version: '1'
generated_at: '2026-05-03T15:23:57.980922+00:00'
apm_version: 0.11.0
dependencies:
- repo_url: JetBrains/go-modern-guidelines
  host: github.com
  resolved_commit: ebf0aa738bb6cc0a9127131e2ea7b24c660e1428
  virtual_path: claude/modern-go-guidelines/skills/use-modern-go
  is_virtual: true
  package_type: claude_skill
  deployed_files:
  - .gemini/skills/use-modern-go
  content_hash: sha256:a814593e0b52d429d6fedd2550782b11891408111ca6fc9b04ec80f308e547bb
- repo_url: affaan-m/everything-claude-code
  host: github.com
  resolved_commit: 841beea45cb25ba51f29fa45b7e272938d19b80a
  virtual_path: skills/golang-patterns
  is_virtual: true
  package_type: claude_skill
  deployed_files:
  - .gemini/skills/golang-patterns
  content_hash: sha256:67c25e95cec3f3166c2efefd5f4502863a1246c6f742b8cbcd2e2864d2a8182a
- repo_url: affaan-m/everything-claude-code
  host: github.com
  resolved_commit: 841beea45cb25ba51f29fa45b7e272938d19b80a
  virtual_path: skills/golang-testing
  is_virtual: true
  package_type: claude_skill
  deployed_files:
  - .gemini/skills/golang-testing
  content_hash: sha256:db6e910031d9c289f91697cf2397b8a3f717c6fdeae7a115e811a32544d99e11
- repo_url: anthropics/skills
  host: github.com
  resolved_commit: 5128e1865d670f5d6c9cef000e6dfc4e951fb5b9
  virtual_path: skills/skill-creator
  is_virtual: true
  package_type: claude_skill
  deployed_files:
  - .gemini/skills/skill-creator
  content_hash: sha256:b2bfe91d69ca99994c0566baede889e7d2b9bb8791c6b6106c5d387392f717f6
- repo_url: samber/cc-skills-golang
  host: github.com
  resolved_commit: e9761db859c6969b77a8fd0e8a243f4f28240211
  package_type: marketplace_plugin
  deployed_files:
  - .gemini/skills/golang-benchmark
  - .gemini/skills/golang-cli
  - .gemini/skills/golang-code-style
  - .gemini/skills/golang-concurrency
  - .gemini/skills/golang-context
  - .gemini/skills/golang-continuous-integration
  - .gemini/skills/golang-data-structures
  - .gemini/skills/golang-database
  - .gemini/skills/golang-dependency-injection
  - .gemini/skills/golang-dependency-management
  - .gemini/skills/golang-design-patterns
  - .gemini/skills/golang-documentation
  - .gemini/skills/golang-error-handling
  - .gemini/skills/golang-google-wire
  - .gemini/skills/golang-graphql
  - .gemini/skills/golang-grpc
  - .gemini/skills/golang-lint
  - .gemini/skills/golang-modernize
  - .gemini/skills/golang-naming
  - .gemini/skills/golang-observability
  - .gemini/skills/golang-performance
  - .gemini/skills/golang-popular-libraries
  - .gemini/skills/golang-project-layout
  - .gemini/skills/golang-safety
  - .gemini/skills/golang-samber-do
  - .gemini/skills/golang-samber-hot
  - .gemini/skills/golang-samber-lo
  - .gemini/skills/golang-samber-mo
  - .gemini/skills/golang-samber-oops
  - .gemini/skills/golang-samber-ro
  - .gemini/skills/golang-samber-slog
  - .gemini/skills/golang-security
  - .gemini/skills/golang-spf13-cobra
  - .gemini/skills/golang-spf13-viper
  - .gemini/skills/golang-stay-updated
  - .gemini/skills/golang-stretchr-testify
  - .gemini/skills/golang-structs-interfaces
  - .gemini/skills/golang-swagger
  - .gemini/skills/golang-testing
  - .gemini/skills/golang-troubleshooting
  - .gemini/skills/golang-uber-dig
  - .gemini/skills/golang-uber-fx
  content_hash: sha256:5494f69696ae00c417c8b1a90af8f8c1e97d59ef3e361b52208914387aac8c78
