lockfile_version: '1'
generated_at: '2026-05-09T05:36:38.997001+00:00'
apm_version: 0.11.0
dependencies:
- repo_url: JetBrains/go-modern-guidelines
  host: github.com
  resolved_commit: ebf0aa738bb6cc0a9127131e2ea7b24c660e1428
  virtual_path: claude/modern-go-guidelines/skills/use-modern-go
  is_virtual: true
  package_type: claude_skill
  deployed_files:
  - .agents/skills/use-modern-go
  - .claude/skills/use-modern-go
  - .gemini/skills/use-modern-go
  - .github/skills/use-modern-go
  - .opencode/skills/use-modern-go
  content_hash: sha256:a814593e0b52d429d6fedd2550782b11891408111ca6fc9b04ec80f308e547bb
- repo_url: affaan-m/everything-claude-code
  host: github.com
  resolved_commit: 841beea45cb25ba51f29fa45b7e272938d19b80a
  virtual_path: skills/golang-patterns
  is_virtual: true
  package_type: claude_skill
  deployed_files:
  - .agents/skills/golang-patterns
  - .claude/skills/golang-patterns
  - .gemini/skills/golang-patterns
  - .github/skills/golang-patterns
  - .opencode/skills/golang-patterns
  content_hash: sha256:67c25e95cec3f3166c2efefd5f4502863a1246c6f742b8cbcd2e2864d2a8182a
- repo_url: affaan-m/everything-claude-code
  host: github.com
  resolved_commit: 841beea45cb25ba51f29fa45b7e272938d19b80a
  virtual_path: skills/golang-testing
  is_virtual: true
  package_type: claude_skill
  deployed_files:
  - .agents/skills/golang-testing
  - .claude/skills/golang-testing
  - .gemini/skills/golang-testing
  - .github/skills/golang-testing
  - .opencode/skills/golang-testing
  content_hash: sha256:db6e910031d9c289f91697cf2397b8a3f717c6fdeae7a115e811a32544d99e11
- repo_url: affaan-m/everything-claude-code
  host: github.com
  resolved_commit: 841beea45cb25ba51f29fa45b7e272938d19b80a
  virtual_path: skills/postgres-patterns
  is_virtual: true
  package_type: claude_skill
  deployed_files:
  - .agents/skills/postgres-patterns
  - .claude/skills/postgres-patterns
  - .gemini/skills/postgres-patterns
  - .github/skills/postgres-patterns
  - .opencode/skills/postgres-patterns
  content_hash: sha256:ce3084b8f555d1c560d849332483428301f30ec78f315e1d60ca1ddd8bc69a51
- repo_url: samber/cc-skills-golang
  host: github.com
  resolved_commit: e9761db859c6969b77a8fd0e8a243f4f28240211
  package_type: marketplace_plugin
  deployed_files:
  - .agents/skills/golang-benchmark
  - .agents/skills/golang-cli
  - .agents/skills/golang-code-style
  - .agents/skills/golang-concurrency
  - .agents/skills/golang-context
  - .agents/skills/golang-continuous-integration
  - .agents/skills/golang-data-structures
  - .agents/skills/golang-database
  - .agents/skills/golang-dependency-injection
  - .agents/skills/golang-dependency-management
  - .agents/skills/golang-design-patterns
  - .agents/skills/golang-documentation
  - .agents/skills/golang-error-handling
  - .agents/skills/golang-google-wire
  - .agents/skills/golang-graphql
  - .agents/skills/golang-grpc
  - .agents/skills/golang-lint
  - .agents/skills/golang-modernize
  - .agents/skills/golang-naming
  - .agents/skills/golang-observability
  - .agents/skills/golang-performance
  - .agents/skills/golang-popular-libraries
  - .agents/skills/golang-project-layout
  - .agents/skills/golang-safety
  - .agents/skills/golang-samber-do
  - .agents/skills/golang-samber-hot
  - .agents/skills/golang-samber-lo
  - .agents/skills/golang-samber-mo
  - .agents/skills/golang-samber-oops
  - .agents/skills/golang-samber-ro
  - .agents/skills/golang-samber-slog
  - .agents/skills/golang-security
  - .agents/skills/golang-spf13-cobra
  - .agents/skills/golang-spf13-viper
  - .agents/skills/golang-stay-updated
  - .agents/skills/golang-stretchr-testify
  - .agents/skills/golang-structs-interfaces
  - .agents/skills/golang-swagger
  - .agents/skills/golang-testing
  - .agents/skills/golang-troubleshooting
  - .agents/skills/golang-uber-dig
  - .agents/skills/golang-uber-fx
  - .claude/skills/golang-benchmark
  - .claude/skills/golang-cli
  - .claude/skills/golang-code-style
  - .claude/skills/golang-concurrency
  - .claude/skills/golang-context
  - .claude/skills/golang-continuous-integration
  - .claude/skills/golang-data-structures
  - .claude/skills/golang-database
  - .claude/skills/golang-dependency-injection
  - .claude/skills/golang-dependency-management
  - .claude/skills/golang-design-patterns
  - .claude/skills/golang-documentation
  - .claude/skills/golang-error-handling
  - .claude/skills/golang-google-wire
  - .claude/skills/golang-graphql
  - .claude/skills/golang-grpc
  - .claude/skills/golang-lint
  - .claude/skills/golang-modernize
  - .claude/skills/golang-naming
  - .claude/skills/golang-observability
  - .claude/skills/golang-performance
  - .claude/skills/golang-popular-libraries
  - .claude/skills/golang-project-layout
  - .claude/skills/golang-safety
  - .claude/skills/golang-samber-do
  - .claude/skills/golang-samber-hot
  - .claude/skills/golang-samber-lo
  - .claude/skills/golang-samber-mo
  - .claude/skills/golang-samber-oops
  - .claude/skills/golang-samber-ro
  - .claude/skills/golang-samber-slog
  - .claude/skills/golang-security
  - .claude/skills/golang-spf13-cobra
  - .claude/skills/golang-spf13-viper
  - .claude/skills/golang-stay-updated
  - .claude/skills/golang-stretchr-testify
  - .claude/skills/golang-structs-interfaces
  - .claude/skills/golang-swagger
  - .claude/skills/golang-testing
  - .claude/skills/golang-troubleshooting
  - .claude/skills/golang-uber-dig
  - .claude/skills/golang-uber-fx
  - .gemini/skills/golang-benchmark
  - .gemini/skills/golang-cli
  - .gemini/skills/golang-code-style
  - .gemini/skills/golang-concurrency
  - .gemini/skills/golang-context
  - .gemini/skills/golang-continuous-integration
  - .gemini/skills/golang-data-structures
  - .gemini/skills/golang-database
  - .gemini/skills/golang-dependency-injection
  - .gemini/skills/golang-dependency-management
  - .gemini/skills/golang-design-patterns
  - .gemini/skills/golang-documentation
  - .gemini/skills/golang-error-handling
  - .gemini/skills/golang-google-wire
  - .gemini/skills/golang-graphql
  - .gemini/skills/golang-grpc
  - .gemini/skills/golang-lint
  - .gemini/skills/golang-modernize
  - .gemini/skills/golang-naming
  - .gemini/skills/golang-observability
  - .gemini/skills/golang-performance
  - .gemini/skills/golang-popular-libraries
  - .gemini/skills/golang-project-layout
  - .gemini/skills/golang-safety
  - .gemini/skills/golang-samber-do
  - .gemini/skills/golang-samber-hot
  - .gemini/skills/golang-samber-lo
  - .gemini/skills/golang-samber-mo
  - .gemini/skills/golang-samber-oops
  - .gemini/skills/golang-samber-ro
  - .gemini/skills/golang-samber-slog
  - .gemini/skills/golang-security
  - .gemini/skills/golang-spf13-cobra
  - .gemini/skills/golang-spf13-viper
  - .gemini/skills/golang-stay-updated
  - .gemini/skills/golang-stretchr-testify
  - .gemini/skills/golang-structs-interfaces
  - .gemini/skills/golang-swagger
  - .gemini/skills/golang-testing
  - .gemini/skills/golang-troubleshooting
  - .gemini/skills/golang-uber-dig
  - .gemini/skills/golang-uber-fx
  - .github/skills/golang-benchmark
  - .github/skills/golang-cli
  - .github/skills/golang-code-style
  - .github/skills/golang-concurrency
  - .github/skills/golang-context
  - .github/skills/golang-continuous-integration
  - .github/skills/golang-data-structures
  - .github/skills/golang-database
  - .github/skills/golang-dependency-injection
  - .github/skills/golang-dependency-management
  - .github/skills/golang-design-patterns
  - .github/skills/golang-documentation
  - .github/skills/golang-error-handling
  - .github/skills/golang-google-wire
  - .github/skills/golang-graphql
  - .github/skills/golang-grpc
  - .github/skills/golang-lint
  - .github/skills/golang-modernize
  - .github/skills/golang-naming
  - .github/skills/golang-observability
  - .github/skills/golang-performance
  - .github/skills/golang-popular-libraries
  - .github/skills/golang-project-layout
  - .github/skills/golang-safety
  - .github/skills/golang-samber-do
  - .github/skills/golang-samber-hot
  - .github/skills/golang-samber-lo
  - .github/skills/golang-samber-mo
  - .github/skills/golang-samber-oops
  - .github/skills/golang-samber-ro
  - .github/skills/golang-samber-slog
  - .github/skills/golang-security
  - .github/skills/golang-spf13-cobra
  - .github/skills/golang-spf13-viper
  - .github/skills/golang-stay-updated
  - .github/skills/golang-stretchr-testify
  - .github/skills/golang-structs-interfaces
  - .github/skills/golang-swagger
  - .github/skills/golang-testing
  - .github/skills/golang-troubleshooting
  - .github/skills/golang-uber-dig
  - .github/skills/golang-uber-fx
  - .opencode/skills/golang-benchmark
  - .opencode/skills/golang-cli
  - .opencode/skills/golang-code-style
  - .opencode/skills/golang-concurrency
  - .opencode/skills/golang-context
  - .opencode/skills/golang-continuous-integration
  - .opencode/skills/golang-data-structures
  - .opencode/skills/golang-database
  - .opencode/skills/golang-dependency-injection
  - .opencode/skills/golang-dependency-management
  - .opencode/skills/golang-design-patterns
  - .opencode/skills/golang-documentation
  - .opencode/skills/golang-error-handling
  - .opencode/skills/golang-google-wire
  - .opencode/skills/golang-graphql
  - .opencode/skills/golang-grpc
  - .opencode/skills/golang-lint
  - .opencode/skills/golang-modernize
  - .opencode/skills/golang-naming
  - .opencode/skills/golang-observability
  - .opencode/skills/golang-performance
  - .opencode/skills/golang-popular-libraries
  - .opencode/skills/golang-project-layout
  - .opencode/skills/golang-safety
  - .opencode/skills/golang-samber-do
  - .opencode/skills/golang-samber-hot
  - .opencode/skills/golang-samber-lo
  - .opencode/skills/golang-samber-mo
  - .opencode/skills/golang-samber-oops
  - .opencode/skills/golang-samber-ro
  - .opencode/skills/golang-samber-slog
  - .opencode/skills/golang-security
  - .opencode/skills/golang-spf13-cobra
  - .opencode/skills/golang-spf13-viper
  - .opencode/skills/golang-stay-updated
  - .opencode/skills/golang-stretchr-testify
  - .opencode/skills/golang-structs-interfaces
  - .opencode/skills/golang-swagger
  - .opencode/skills/golang-testing
  - .opencode/skills/golang-troubleshooting
  - .opencode/skills/golang-uber-dig
  - .opencode/skills/golang-uber-fx
  content_hash: sha256:5494f69696ae00c417c8b1a90af8f8c1e97d59ef3e361b52208914387aac8c78
local_deployed_files:
- .claude/commands/go-stack.bundb.setup.md
- .claude/commands/go-stack.inertia.setup.md
- .claude/rules/architecture.md
- .claude/rules/di.md
- .claude/rules/git-commits.md
- .claude/rules/test-standards.md
- .gemini/commands/go-stack.bundb.setup.toml
- .gemini/commands/go-stack.inertia.setup.toml
- .gemini/commands/go-stack.project-update.toml
- .github/instructions/architecture.instructions.md
- .github/instructions/di.instructions.md
- .github/instructions/git-commits.instructions.md
- .github/instructions/test-standards.instructions.md
- .github/prompts/go-stack.bundb.setup.prompt.md
- .github/prompts/go-stack.inertia.setup.prompt.md
- .opencode/commands/go-stack.bundb.setup.md
- .opencode/commands/go-stack.inertia.setup.md
local_deployed_file_hashes:
  .claude/commands/go-stack.bundb.setup.md: sha256:c887f8ace1cb1aebc5e097e0a84e42c4da7efcf80704c0df4f9ec3b47a6513c5
  .claude/commands/go-stack.inertia.setup.md: sha256:3b6f62535e4abb2493682e7bbc409ce370183eda2ab07f645b3d93171df71603
  .claude/rules/architecture.md: sha256:d491271eb03586c715bd313ed76aaba0856040d6618d33b8421602c93da98837
  .claude/rules/di.md: sha256:7de0aca15aee4aba66f4d3aba4d7cbe69ab97e98f8ab60c437ab30f4cdf77d5c
  .claude/rules/git-commits.md: sha256:abf5c99bfc6a6f6fe868513530273bf764fd921046b90575fd33754c01cc21f2
  .claude/rules/test-standards.md: sha256:703a255607c03fcc109c7eb8f5ff171c2084d2af31f9e8c445c25175f0367580
  .gemini/commands/go-stack.bundb.setup.toml: sha256:12bd6eeda2d898d29ca0c3760d59c5948ba2cc79a5d158fca7b2a9ae2c3484b0
  .gemini/commands/go-stack.inertia.setup.toml: sha256:92327a637028171a15e80eaa7f8a89d2e5964f822a27e7d43416bda8abab2629
  .gemini/commands/go-stack.project-update.toml: sha256:6207dde1f08650d21029905dc4d2acb588f88da2e9b887ef0daea3d57da97f42
  .github/instructions/architecture.instructions.md: sha256:8211fac14094e74a62d62563013faf10e00cbc42112bed6a8c0f283435a71e75
  .github/instructions/di.instructions.md: sha256:f2cce7e89305ebf89b1db962d83e20f9729dfb615a66be8778026890c29af9e3
  .github/instructions/git-commits.instructions.md: sha256:f92378facf5c839614c8a766215606de8c8790fb4e7ebf3aff84824a2a141e27
  .github/instructions/test-standards.instructions.md: sha256:fed104fd50f78070871c799677507d47699cd7216505d203e142db4c132e25e5
  .github/prompts/go-stack.bundb.setup.prompt.md: sha256:6e908a777e5c88ad23e702b58f7e14a21097e9835d0b0cfcff487121c92e2753
  .github/prompts/go-stack.inertia.setup.prompt.md: sha256:f1e15aaa4c334d3a252b89ec869bc4175453ca4af8aeda4de1893ba81fcb98b5
  .opencode/commands/go-stack.bundb.setup.md: sha256:c887f8ace1cb1aebc5e097e0a84e42c4da7efcf80704c0df4f9ec3b47a6513c5
  .opencode/commands/go-stack.inertia.setup.md: sha256:3b6f62535e4abb2493682e7bbc409ce370183eda2ab07f645b3d93171df71603
